
Microsoft Visual Studio Solution File, Format Version 12.00
# Visual Studio Version 17
VisualStudioVersion = 17.11.35327.3
MinimumVisualStudioVersion = 10.0.40219.1
Project("{9A19103F-16F7-4668-BE54-9A1E7A4F7556}") = "EncapsulateWhatVarient", "EncapsulateWhatVarient\EncapsulateWhatVarient.csproj", "{905A1CE4-DEC3-4CA7-B270-1BCB37ABBF80}"
EndProject
Project("{FAE04EC0-301F-11D3-BF4B-00C04F79EFBC}") = "CAFavorCompositionOverInheritance", "..\CAFavorCompositionOverInheritanceAndComposition\CAFavorCompositionOverInheritance\CAFavorCompositionOverInheritance.csproj", "{4A8D1A9B-40D4-4A62-9B37-A9F6F519C6F7}"
EndProject
Global
	GlobalSection(SolutionConfigurationPlatforms) = preSolution
		Debug|Any CPU = Debug|Any CPU
		Release|Any CPU = Release|Any CPU
	EndGlobalSection
	GlobalSection(ProjectConfigurationPlatforms) = postSolution
		{905A1CE4-DEC3-4CA7-B270-1BCB37ABBF80}.Debug|Any CPU.ActiveCfg = Debug|Any CPU
		{905A1CE4-DEC3-4CA7-B270-1BCB37ABBF80}.Debug|Any CPU.Build.0 = Debug|Any CPU
		{905A1CE4-DEC3-4CA7-B270-1BCB37ABBF80}.Release|Any CPU.ActiveCfg = Release|Any CPU
		{905A1CE4-DEC3-4CA7-B270-1BCB37ABBF80}.Release|Any CPU.Build.0 = Release|Any CPU
		{4A8D1A9B-40D4-4A62-9B37-A9F6F519C6F7}.Debug|Any CPU.ActiveCfg = Debug|Any CPU
		{4A8D1A9B-40D4-4A62-9B37-A9F6F519C6F7}.Debug|Any CPU.Build.0 = Debug|Any CPU
		{4A8D1A9B-40D4-4A62-9B37-A9F6F519C6F7}.Release|Any CPU.ActiveCfg = Release|Any CPU
		{4A8D1A9B-40D4-4A62-9B37-A9F6F519C6F7}.Release|Any CPU.Build.0 = Release|Any CPU
	EndGlobalSection
	GlobalSection(SolutionProperties) = preSolution
		HideSolutionNode = FALSE
	EndGlobalSection
	GlobalSection(ExtensibilityGlobals) = postSolution
		SolutionGuid = {3113BA08-E510-4A17-9B10-4BE8D5D9E0AE}
	EndGlobalSection
EndGlobal
